# This file was autogenerated by Stack.
# You should not edit this file by hand.
# For more information, please see the documentation at:
#   https://docs.haskellstack.org/en/stable/lock_files

packages:
- completed:
    hackage: typed-duration-0.1.1.0@sha256:432c971e471e819d8c2663487ce0e95f848e668fd9720e56f966bb56edbfe0a6,949
    pantry-tree:
      size: 391
      sha256: 59f5c6098045c16481f52f5860cc08193d5c42cdf7c7ce6b4dd37fd53d71beee
  original:
    hackage: typed-duration-0.1.1.0
- completed:
    hackage: privileged-concurrency-0.7.0@sha256:c73bb0000b5e1b7335cb1ca5065054173b0e911701345715eb6112b118b6919e,1749
    pantry-tree:
      size: 1450
      sha256: 42b2abdcd668cdef80c4df31c7803c334874946d4ed2542077355a97c3b581e5
  original:
    hackage: privileged-concurrency-0.7.0
- completed:
    cabal-file:
      size: 3991
      sha256: 449f10368e6233f708cd85cfd6b7265a694d5f7ac8314427cb6f88296995aae6
    name: telegram-api
    version: 0.7.1.0
    git: https://github.com/klappvisor/haskell-telegram-api.git
    pantry-tree:
      size: 2894
      sha256: 27011b664b37aa321319509cc712a13afad4692927f9d4c2afc5799dcaa86e5a
    commit: dcc491b6abee6157d4ec607c71ba3a4915eb0edb
  original:
    git: https://github.com/klappvisor/haskell-telegram-api.git
    commit: dcc491b6abee6157d4ec607c71ba3a4915eb0edb
- completed:
    cabal-file:
      size: 1986
      sha256: 65e39c58c03abe7a183fbde21170b776891e209901dfb59fba87242c90003de3
    name: tdlib-haskell-bindings
    version: 0.1.0.0
    git: https://github.com/egormkn/tdlib-haskell-bindings.git
    pantry-tree:
      size: 1062
      sha256: 340a8d7b56af2459ecb9ef8ae1126bc9fb33c590d0da8262163f0f2f281186b4
    commit: d86626d9e1566fd697f38c3f5e66ff00c17bd3f7
  original:
    git: https://github.com/egormkn/tdlib-haskell-bindings.git
    commit: d86626d9e1566fd697f38c3f5e66ff00c17bd3f7
snapshots:
- completed:
    size: 523443
    url: https://raw.githubusercontent.com/commercialhaskell/stackage-snapshots/master/lts/14/0.yaml
    sha256: 283773e7120f5446d961eab35ea95c9af9c24187cc178537bd29273200a05171
  original: lts-14.0
